Microsoft Visual Studio Solution File, Format Version 12.00
# Visual Studio 16
Project("{8BC9CEB8-8B4A-11D0-8D11-00A0C91BC942}") = "ALL_BUILD", "ALL_BUILD.vcxproj", "{C002D60B-E87C-3676-98DC-4DA760838814}"
	ProjectSection(ProjectDependencies) = postProject
		{71088BAE-7E3B-3D86-AB82-A350E50C33B8} = {71088BAE-7E3B-3D86-AB82-A350E50C33B8}
		{C208EC1E-30FE-395D-9CBB-54E0DB8D47F2} = {C208EC1E-30FE-395D-9CBB-54E0DB8D47F2}
		{E4906025-82C2-3AD9-9021-EB5236FD3CDB} = {E4906025-82C2-3AD9-9021-EB5236FD3CDB}
		{67A5879A-B7CD-3100-B4B0-5D191B04132B} = {67A5879A-B7CD-3100-B4B0-5D191B04132B}
		{457AB2D4-71A5-33AC-9CC5-20357398060B} = {457AB2D4-71A5-33AC-9CC5-20357398060B}
	EndProjectSection
EndProject
Project("{8BC9CEB8-8B4A-11D0-8D11-00A0C91BC942}") = "INSTALL", "INSTALL.vcxproj", "{4DD1B426-F88E-372A-987B-7D0D9B7422AD}"
	ProjectSection(ProjectDependencies) = postProject
		{C002D60B-E87C-3676-98DC-4DA760838814} = {C002D60B-E87C-3676-98DC-4DA760838814}
		{71088BAE-7E3B-3D86-AB82-A350E50C33B8} = {71088BAE-7E3B-3D86-AB82-A350E50C33B8}
	EndProjectSection
EndProject
Project("{8BC9CEB8-8B4A-11D0-8D11-00A0C91BC942}") = "ZERO_CHECK", "ZERO_CHECK.vcxproj", "{71088BAE-7E3B-3D86-AB82-A350E50C33B8}"
	ProjectSection(ProjectDependencies) = postProject
	EndProjectSection
EndProject
Project("{8BC9CEB8-8B4A-11D0-8D11-00A0C91BC942}") = "qcustomplot", "libs\qcustomplot-source\qcustomplot.vcxproj", "{C208EC1E-30FE-395D-9CBB-54E0DB8D47F2}"
	ProjectSection(ProjectDependencies) = postProject
		{71088BAE-7E3B-3D86-AB82-A350E50C33B8} = {71088BAE-7E3B-3D86-AB82-A350E50C33B8}
	EndProjectSection
EndProject
Project("{8BC9CEB8-8B4A-11D0-8D11-00A0C91BC942}") = "qhexedit", "libs\qhexedit\qhexedit.vcxproj", "{E4906025-82C2-3AD9-9021-EB5236FD3CDB}"
	ProjectSection(ProjectDependencies) = postProject
		{71088BAE-7E3B-3D86-AB82-A350E50C33B8} = {71088BAE-7E3B-3D86-AB82-A350E50C33B8}
	EndProjectSection
EndProject
Project("{8BC9CEB8-8B4A-11D0-8D11-00A0C91BC942}") = "qscintilla2", "libs\qscintilla\Qt4Qt5\qscintilla2.vcxproj", "{67A5879A-B7CD-3100-B4B0-5D191B04132B}"
	ProjectSection(ProjectDependencies) = postProject
		{71088BAE-7E3B-3D86-AB82-A350E50C33B8} = {71088BAE-7E3B-3D86-AB82-A350E50C33B8}
	EndProjectSection
EndProject
Project("{8BC9CEB8-8B4A-11D0-8D11-00A0C91BC942}") = "vSongBook", "vSongBook.vcxproj", "{457AB2D4-71A5-33AC-9CC5-20357398060B}"
	ProjectSection(ProjectDependencies) = postProject
		{71088BAE-7E3B-3D86-AB82-A350E50C33B8} = {71088BAE-7E3B-3D86-AB82-A350E50C33B8}
		{C208EC1E-30FE-395D-9CBB-54E0DB8D47F2} = {C208EC1E-30FE-395D-9CBB-54E0DB8D47F2}
		{E4906025-82C2-3AD9-9021-EB5236FD3CDB} = {E4906025-82C2-3AD9-9021-EB5236FD3CDB}
		{67A5879A-B7CD-3100-B4B0-5D191B04132B} = {67A5879A-B7CD-3100-B4B0-5D191B04132B}
	EndProjectSection
EndProject
Global
	GlobalSection(SolutionConfigurationPlatforms) = preSolution
		Debug|x64 = Debug|x64
		Release|x64 = Release|x64
		MinSizeRel|x64 = MinSizeRel|x64
		RelWithDebInfo|x64 = RelWithDebInfo|x64
	EndGlobalSection
	GlobalSection(ProjectConfigurationPlatforms) = postSolution
		{C002D60B-E87C-3676-98DC-4DA760838814}.Debug|x64.ActiveCfg = Debug|x64
		{C002D60B-E87C-3676-98DC-4DA760838814}.Debug|x64.Build.0 = Debug|x64
		{C002D60B-E87C-3676-98DC-4DA760838814}.Release|x64.ActiveCfg = Release|x64
		{C002D60B-E87C-3676-98DC-4DA760838814}.Release|x64.Build.0 = Release|x64
		{C002D60B-E87C-3676-98DC-4DA760838814}.MinSizeRel|x64.ActiveCfg = MinSizeRel|x64
		{C002D60B-E87C-3676-98DC-4DA760838814}.MinSizeRel|x64.Build.0 = MinSizeRel|x64
		{C002D60B-E87C-3676-98DC-4DA760838814}.RelWithDebInfo|x64.ActiveCfg = RelWithDebInfo|x64
		{C002D60B-E87C-3676-98DC-4DA760838814}.RelWithDebInfo|x64.Build.0 = RelWithDebInfo|x64
		{4DD1B426-F88E-372A-987B-7D0D9B7422AD}.Debug|x64.ActiveCfg = Debug|x64
		{4DD1B426-F88E-372A-987B-7D0D9B7422AD}.Release|x64.ActiveCfg = Release|x64
		{4DD1B426-F88E-372A-987B-7D0D9B7422AD}.MinSizeRel|x64.ActiveCfg = MinSizeRel|x64
		{4DD1B426-F88E-372A-987B-7D0D9B7422AD}.RelWithDebInfo|x64.ActiveCfg = RelWithDebInfo|x64
		{71088BAE-7E3B-3D86-AB82-A350E50C33B8}.Debug|x64.ActiveCfg = Debug|x64
		{71088BAE-7E3B-3D86-AB82-A350E50C33B8}.Debug|x64.Build.0 = Debug|x64
		{71088BAE-7E3B-3D86-AB82-A350E50C33B8}.Release|x64.ActiveCfg = Release|x64
		{71088BAE-7E3B-3D86-AB82-A350E50C33B8}.Release|x64.Build.0 = Release|x64
		{71088BAE-7E3B-3D86-AB82-A350E50C33B8}.MinSizeRel|x64.ActiveCfg = MinSizeRel|x64
		{71088BAE-7E3B-3D86-AB82-A350E50C33B8}.MinSizeRel|x64.Build.0 = MinSizeRel|x64
		{71088BAE-7E3B-3D86-AB82-A350E50C33B8}.RelWithDebInfo|x64.ActiveCfg = RelWithDebInfo|x64
		{71088BAE-7E3B-3D86-AB82-A350E50C33B8}.RelWithDebInfo|x64.Build.0 = RelWithDebInfo|x64
		{C208EC1E-30FE-395D-9CBB-54E0DB8D47F2}.Debug|x64.ActiveCfg = Debug|x64
		{C208EC1E-30FE-395D-9CBB-54E0DB8D47F2}.Debug|x64.Build.0 = Debug|x64
		{C208EC1E-30FE-395D-9CBB-54E0DB8D47F2}.Release|x64.ActiveCfg = Release|x64
		{C208EC1E-30FE-395D-9CBB-54E0DB8D47F2}.Release|x64.Build.0 = Release|x64
		{C208EC1E-30FE-395D-9CBB-54E0DB8D47F2}.MinSizeRel|x64.ActiveCfg = MinSizeRel|x64
		{C208EC1E-30FE-395D-9CBB-54E0DB8D47F2}.MinSizeRel|x64.Build.0 = MinSizeRel|x64
		{C208EC1E-30FE-395D-9CBB-54E0DB8D47F2}.RelWithDebInfo|x64.ActiveCfg = RelWithDebInfo|x64
		{C208EC1E-30FE-395D-9CBB-54E0DB8D47F2}.RelWithDebInfo|x64.Build.0 = RelWithDebInfo|x64
		{E4906025-82C2-3AD9-9021-EB5236FD3CDB}.Debug|x64.ActiveCfg = Debug|x64
		{E4906025-82C2-3AD9-9021-EB5236FD3CDB}.Debug|x64.Build.0 = Debug|x64
		{E4906025-82C2-3AD9-9021-EB5236FD3CDB}.Release|x64.ActiveCfg = Release|x64
		{E4906025-82C2-3AD9-9021-EB5236FD3CDB}.Release|x64.Build.0 = Release|x64
		{E4906025-82C2-3AD9-9021-EB5236FD3CDB}.MinSizeRel|x64.ActiveCfg = MinSizeRel|x64
		{E4906025-82C2-3AD9-9021-EB5236FD3CDB}.MinSizeRel|x64.Build.0 = MinSizeRel|x64
		{E4906025-82C2-3AD9-9021-EB5236FD3CDB}.RelWithDebInfo|x64.ActiveCfg = RelWithDebInfo|x64
		{E4906025-82C2-3AD9-9021-EB5236FD3CDB}.RelWithDebInfo|x64.Build.0 = RelWithDebInfo|x64
		{67A5879A-B7CD-3100-B4B0-5D191B04132B}.Debug|x64.ActiveCfg = Debug|x64
		{67A5879A-B7CD-3100-B4B0-5D191B04132B}.Debug|x64.Build.0 = Debug|x64
		{67A5879A-B7CD-3100-B4B0-5D191B04132B}.Release|x64.ActiveCfg = Release|x64
		{67A5879A-B7CD-3100-B4B0-5D191B04132B}.Release|x64.Build.0 = Release|x64
		{67A5879A-B7CD-3100-B4B0-5D191B04132B}.MinSizeRel|x64.ActiveCfg = MinSizeRel|x64
		{67A5879A-B7CD-3100-B4B0-5D191B04132B}.MinSizeRel|x64.Build.0 = MinSizeRel|x64
		{67A5879A-B7CD-3100-B4B0-5D191B04132B}.RelWithDebInfo|x64.ActiveCfg = RelWithDebInfo|x64
		{67A5879A-B7CD-3100-B4B0-5D191B04132B}.RelWithDebInfo|x64.Build.0 = RelWithDebInfo|x64
		{457AB2D4-71A5-33AC-9CC5-20357398060B}.Debug|x64.ActiveCfg = Debug|x64
		{457AB2D4-71A5-33AC-9CC5-20357398060B}.Debug|x64.Build.0 = Debug|x64
		{457AB2D4-71A5-33AC-9CC5-20357398060B}.Release|x64.ActiveCfg = Release|x64
		{457AB2D4-71A5-33AC-9CC5-20357398060B}.Release|x64.Build.0 = Release|x64
		{457AB2D4-71A5-33AC-9CC5-20357398060B}.MinSizeRel|x64.ActiveCfg = MinSizeRel|x64
		{457AB2D4-71A5-33AC-9CC5-20357398060B}.MinSizeRel|x64.Build.0 = MinSizeRel|x64
		{457AB2D4-71A5-33AC-9CC5-20357398060B}.RelWithDebInfo|x64.ActiveCfg = RelWithDebInfo|x64
		{457AB2D4-71A5-33AC-9CC5-20357398060B}.RelWithDebInfo|x64.Build.0 = RelWithDebInfo|x64
	EndGlobalSection
	GlobalSection(ExtensibilityGlobals) = postSolution
		SolutionGuid = {5B285A17-4937-3C53-8A81-2A55259F599B}
	EndGlobalSection
	GlobalSection(ExtensibilityAddIns) = postSolution
	EndGlobalSection
EndGlobal
