Microsoft Visual Studio Solution File, Format Version 12.00
# Visual Studio 16
Project("{8BC9CEB8-8B4A-11D0-8D11-00A0C91BC942}") = "ALL_BUILD", "ALL_BUILD.vcxproj", "{54D47CFD-6CD7-3065-BD54-208471952FEC}"
	ProjectSection(ProjectDependencies) = postProject
		{7FB295BB-E9D5-33AC-B7DE-ACC51367A458} = {7FB295BB-E9D5-33AC-B7DE-ACC51367A458}
		{E4283038-09E8-3B4C-ABDB-24F7240D3010} = {E4283038-09E8-3B4C-ABDB-24F7240D3010}
		{6DF93A6F-0053-30D3-A891-821DB7EFDDCC} = {6DF93A6F-0053-30D3-A891-821DB7EFDDCC}
		{CB73C044-FD53-333C-A6B1-614717275494} = {CB73C044-FD53-333C-A6B1-614717275494}
		{D363B7D7-89A3-398B-ABCB-A4BF2FD28976} = {D363B7D7-89A3-398B-ABCB-A4BF2FD28976}
	EndProjectSection
EndProject
Project("{8BC9CEB8-8B4A-11D0-8D11-00A0C91BC942}") = "INSTALL", "INSTALL.vcxproj", "{C23A6AC1-AE65-3788-B653-FCDAC2641557}"
	ProjectSection(ProjectDependencies) = postProject
		{54D47CFD-6CD7-3065-BD54-208471952FEC} = {54D47CFD-6CD7-3065-BD54-208471952FEC}
		{7FB295BB-E9D5-33AC-B7DE-ACC51367A458} = {7FB295BB-E9D5-33AC-B7DE-ACC51367A458}
	EndProjectSection
EndProject
Project("{8BC9CEB8-8B4A-11D0-8D11-00A0C91BC942}") = "ZERO_CHECK", "ZERO_CHECK.vcxproj", "{7FB295BB-E9D5-33AC-B7DE-ACC51367A458}"
	ProjectSection(ProjectDependencies) = postProject
	EndProjectSection
EndProject
Project("{8BC9CEB8-8B4A-11D0-8D11-00A0C91BC942}") = "qcustomplot", "libs\qcustomplot-source\qcustomplot.vcxproj", "{E4283038-09E8-3B4C-ABDB-24F7240D3010}"
	ProjectSection(ProjectDependencies) = postProject
		{7FB295BB-E9D5-33AC-B7DE-ACC51367A458} = {7FB295BB-E9D5-33AC-B7DE-ACC51367A458}
	EndProjectSection
EndProject
Project("{8BC9CEB8-8B4A-11D0-8D11-00A0C91BC942}") = "qhexedit", "libs\qhexedit\qhexedit.vcxproj", "{6DF93A6F-0053-30D3-A891-821DB7EFDDCC}"
	ProjectSection(ProjectDependencies) = postProject
		{7FB295BB-E9D5-33AC-B7DE-ACC51367A458} = {7FB295BB-E9D5-33AC-B7DE-ACC51367A458}
	EndProjectSection
EndProject
Project("{8BC9CEB8-8B4A-11D0-8D11-00A0C91BC942}") = "qscintilla2", "libs\qscintilla\Qt4Qt5\qscintilla2.vcxproj", "{CB73C044-FD53-333C-A6B1-614717275494}"
	ProjectSection(ProjectDependencies) = postProject
		{7FB295BB-E9D5-33AC-B7DE-ACC51367A458} = {7FB295BB-E9D5-33AC-B7DE-ACC51367A458}
	EndProjectSection
EndProject
Project("{8BC9CEB8-8B4A-11D0-8D11-00A0C91BC942}") = "vSongBook", "vSongBook.vcxproj", "{D363B7D7-89A3-398B-ABCB-A4BF2FD28976}"
	ProjectSection(ProjectDependencies) = postProject
		{7FB295BB-E9D5-33AC-B7DE-ACC51367A458} = {7FB295BB-E9D5-33AC-B7DE-ACC51367A458}
		{E4283038-09E8-3B4C-ABDB-24F7240D3010} = {E4283038-09E8-3B4C-ABDB-24F7240D3010}
		{6DF93A6F-0053-30D3-A891-821DB7EFDDCC} = {6DF93A6F-0053-30D3-A891-821DB7EFDDCC}
		{CB73C044-FD53-333C-A6B1-614717275494} = {CB73C044-FD53-333C-A6B1-614717275494}
	EndProjectSection
EndProject
Global
	GlobalSection(SolutionConfigurationPlatforms) = preSolution
		Debug|x64 = Debug|x64
		Release|x64 = Release|x64
		MinSizeRel|x64 = MinSizeRel|x64
		RelWithDebInfo|x64 = RelWithDebInfo|x64
	EndGlobalSection
	GlobalSection(ProjectConfigurationPlatforms) = postSolution
		{54D47CFD-6CD7-3065-BD54-208471952FEC}.Debug|x64.ActiveCfg = Debug|x64
		{54D47CFD-6CD7-3065-BD54-208471952FEC}.Debug|x64.Build.0 = Debug|x64
		{54D47CFD-6CD7-3065-BD54-208471952FEC}.Release|x64.ActiveCfg = Release|x64
		{54D47CFD-6CD7-3065-BD54-208471952FEC}.Release|x64.Build.0 = Release|x64
		{54D47CFD-6CD7-3065-BD54-208471952FEC}.MinSizeRel|x64.ActiveCfg = MinSizeRel|x64
		{54D47CFD-6CD7-3065-BD54-208471952FEC}.MinSizeRel|x64.Build.0 = MinSizeRel|x64
		{54D47CFD-6CD7-3065-BD54-208471952FEC}.RelWithDebInfo|x64.ActiveCfg = RelWithDebInfo|x64
		{54D47CFD-6CD7-3065-BD54-208471952FEC}.RelWithDebInfo|x64.Build.0 = RelWithDebInfo|x64
		{C23A6AC1-AE65-3788-B653-FCDAC2641557}.Debug|x64.ActiveCfg = Debug|x64
		{C23A6AC1-AE65-3788-B653-FCDAC2641557}.Release|x64.ActiveCfg = Release|x64
		{C23A6AC1-AE65-3788-B653-FCDAC2641557}.MinSizeRel|x64.ActiveCfg = MinSizeRel|x64
		{C23A6AC1-AE65-3788-B653-FCDAC2641557}.RelWithDebInfo|x64.ActiveCfg = RelWithDebInfo|x64
		{7FB295BB-E9D5-33AC-B7DE-ACC51367A458}.Debug|x64.ActiveCfg = Debug|x64
		{7FB295BB-E9D5-33AC-B7DE-ACC51367A458}.Debug|x64.Build.0 = Debug|x64
		{7FB295BB-E9D5-33AC-B7DE-ACC51367A458}.Release|x64.ActiveCfg = Release|x64
		{7FB295BB-E9D5-33AC-B7DE-ACC51367A458}.Release|x64.Build.0 = Release|x64
		{7FB295BB-E9D5-33AC-B7DE-ACC51367A458}.MinSizeRel|x64.ActiveCfg = MinSizeRel|x64
		{7FB295BB-E9D5-33AC-B7DE-ACC51367A458}.MinSizeRel|x64.Build.0 = MinSizeRel|x64
		{7FB295BB-E9D5-33AC-B7DE-ACC51367A458}.RelWithDebInfo|x64.ActiveCfg = RelWithDebInfo|x64
		{7FB295BB-E9D5-33AC-B7DE-ACC51367A458}.RelWithDebInfo|x64.Build.0 = RelWithDebInfo|x64
		{E4283038-09E8-3B4C-ABDB-24F7240D3010}.Debug|x64.ActiveCfg = Debug|x64
		{E4283038-09E8-3B4C-ABDB-24F7240D3010}.Debug|x64.Build.0 = Debug|x64
		{E4283038-09E8-3B4C-ABDB-24F7240D3010}.Release|x64.ActiveCfg = Release|x64
		{E4283038-09E8-3B4C-ABDB-24F7240D3010}.Release|x64.Build.0 = Release|x64
		{E4283038-09E8-3B4C-ABDB-24F7240D3010}.MinSizeRel|x64.ActiveCfg = MinSizeRel|x64
		{E4283038-09E8-3B4C-ABDB-24F7240D3010}.MinSizeRel|x64.Build.0 = MinSizeRel|x64
		{E4283038-09E8-3B4C-ABDB-24F7240D3010}.RelWithDebInfo|x64.ActiveCfg = RelWithDebInfo|x64
		{E4283038-09E8-3B4C-ABDB-24F7240D3010}.RelWithDebInfo|x64.Build.0 = RelWithDebInfo|x64
		{6DF93A6F-0053-30D3-A891-821DB7EFDDCC}.Debug|x64.ActiveCfg = Debug|x64
		{6DF93A6F-0053-30D3-A891-821DB7EFDDCC}.Debug|x64.Build.0 = Debug|x64
		{6DF93A6F-0053-30D3-A891-821DB7EFDDCC}.Release|x64.ActiveCfg = Release|x64
		{6DF93A6F-0053-30D3-A891-821DB7EFDDCC}.Release|x64.Build.0 = Release|x64
		{6DF93A6F-0053-30D3-A891-821DB7EFDDCC}.MinSizeRel|x64.ActiveCfg = MinSizeRel|x64
		{6DF93A6F-0053-30D3-A891-821DB7EFDDCC}.MinSizeRel|x64.Build.0 = MinSizeRel|x64
		{6DF93A6F-0053-30D3-A891-821DB7EFDDCC}.RelWithDebInfo|x64.ActiveCfg = RelWithDebInfo|x64
		{6DF93A6F-0053-30D3-A891-821DB7EFDDCC}.RelWithDebInfo|x64.Build.0 = RelWithDebInfo|x64
		{CB73C044-FD53-333C-A6B1-614717275494}.Debug|x64.ActiveCfg = Debug|x64
		{CB73C044-FD53-333C-A6B1-614717275494}.Debug|x64.Build.0 = Debug|x64
		{CB73C044-FD53-333C-A6B1-614717275494}.Release|x64.ActiveCfg = Release|x64
		{CB73C044-FD53-333C-A6B1-614717275494}.Release|x64.Build.0 = Release|x64
		{CB73C044-FD53-333C-A6B1-614717275494}.MinSizeRel|x64.ActiveCfg = MinSizeRel|x64
		{CB73C044-FD53-333C-A6B1-614717275494}.MinSizeRel|x64.Build.0 = MinSizeRel|x64
		{CB73C044-FD53-333C-A6B1-614717275494}.RelWithDebInfo|x64.ActiveCfg = RelWithDebInfo|x64
		{CB73C044-FD53-333C-A6B1-614717275494}.RelWithDebInfo|x64.Build.0 = RelWithDebInfo|x64
		{D363B7D7-89A3-398B-ABCB-A4BF2FD28976}.Debug|x64.ActiveCfg = Debug|x64
		{D363B7D7-89A3-398B-ABCB-A4BF2FD28976}.Debug|x64.Build.0 = Debug|x64
		{D363B7D7-89A3-398B-ABCB-A4BF2FD28976}.Release|x64.ActiveCfg = Release|x64
		{D363B7D7-89A3-398B-ABCB-A4BF2FD28976}.Release|x64.Build.0 = Release|x64
		{D363B7D7-89A3-398B-ABCB-A4BF2FD28976}.MinSizeRel|x64.ActiveCfg = MinSizeRel|x64
		{D363B7D7-89A3-398B-ABCB-A4BF2FD28976}.MinSizeRel|x64.Build.0 = MinSizeRel|x64
		{D363B7D7-89A3-398B-ABCB-A4BF2FD28976}.RelWithDebInfo|x64.ActiveCfg = RelWithDebInfo|x64
		{D363B7D7-89A3-398B-ABCB-A4BF2FD28976}.RelWithDebInfo|x64.Build.0 = RelWithDebInfo|x64
	EndGlobalSection
	GlobalSection(ExtensibilityGlobals) = postSolution
		SolutionGuid = {17A5B56C-436B-3C77-BB7B-14A58D091205}
	EndGlobalSection
	GlobalSection(ExtensibilityAddIns) = postSolution
	EndGlobalSection
EndGlobal
