<?xml version="1.0" encoding="utf-8"?>
<Project ToolsVersion="4.0" xmlns="http://schemas.microsoft.com/developer/msbuild/2003">
  <ItemGroup>
    <Filter Include="ui">
      <UniqueIdentifier>{9af19da5-58e1-472a-8150-1a2db9adf9ce}</UniqueIdentifier>
    </Filter>
    <Filter Include="sqlite">
      <UniqueIdentifier>{90c19715-3b6e-462d-9b19-a24b132dfc7b}</UniqueIdentifier>
    </Filter>
    <Filter Include="res">
      <UniqueIdentifier>{3f95ae4f-3a5b-46e2-a68e-4b45ac7d051f}</UniqueIdentifier>
    </Filter>
  </ItemGroup>
  <ItemGroup>
    <ClCompile Include="ui\vAppSplash.cpp">
      <Filter>ui</Filter>
    </ClCompile>
    <ClCompile Include="ui\vBooksLoad.cpp">
      <Filter>ui</Filter>
    </ClCompile>
    <ClCompile Include="ui\vSongBook.cpp">
      <Filter>ui</Filter>
    </ClCompile>
    <ClCompile Include="ui\vSongCheck.cpp">
      <Filter>ui</Filter>
    </ClCompile>
    <ClCompile Include="ui\vSongHome.cpp">
      <Filter>ui</Filter>
    </ClCompile>
    <ClCompile Include="ui\vSongPrefs.cpp">
      <Filter>ui</Filter>
    </ClCompile>
    <ClCompile Include="ui\vSongView.cpp">
      <Filter>ui</Filter>
    </ClCompile>
    <ClCompile Include="sqlite\shell.c">
      <Filter>sqlite</Filter>
    </ClCompile>
    <ClCompile Include="sqlite\sqlite3.c">
      <Filter>sqlite</Filter>
    </ClCompile>
    <ClCompile Include="sqlite\sqlite3pp.cpp">
      <Filter>sqlite</Filter>
    </ClCompile>
    <ClCompile Include="sqlite\sqlite3ppext.cpp">
      <Filter>sqlite</Filter>
    </ClCompile>
  </ItemGroup>
  <ItemGroup>
    <ClInclude Include="ui\vAppSplash.h">
      <Filter>ui</Filter>
    </ClInclude>
    <ClInclude Include="ui\vBooksLoad.h">
      <Filter>ui</Filter>
    </ClInclude>
    <ClInclude Include="ui\vSongBook.h">
      <Filter>ui</Filter>
    </ClInclude>
    <ClInclude Include="ui\vSongCheck.h">
      <Filter>ui</Filter>
    </ClInclude>
    <ClInclude Include="ui\vSongHome.h">
      <Filter>ui</Filter>
    </ClInclude>
    <ClInclude Include="ui\vSongPrefs.h">
      <Filter>ui</Filter>
    </ClInclude>
    <ClInclude Include="ui\vSongView.h">
      <Filter>ui</Filter>
    </ClInclude>
    <ClInclude Include="sqlite\sqlite3.h">
      <Filter>sqlite</Filter>
    </ClInclude>
    <ClInclude Include="sqlite\sqlite3ext.h">
      <Filter>sqlite</Filter>
    </ClInclude>
    <ClInclude Include="sqlite\sqlite3pp.h">
      <Filter>sqlite</Filter>
    </ClInclude>
    <ClInclude Include="sqlite\sqlite3ppext.h">
      <Filter>sqlite</Filter>
    </ClInclude>
    <ClInclude Include="AppSmata.h" />
  </ItemGroup>
  <ItemGroup>
    <ResourceCompile Include="vSongBook.rc">
      <Filter>res</Filter>
    </ResourceCompile>
  </ItemGroup>
</Project>